{
  "pins" : [
    {
      "identity" : "myframework",
      "kind" : "remoteSourceControl",
      "location" : "https://github.com/shujataliz/MyFramework.git",
      "state" : {
        "revision" : "72896021d0d8c71196f11ddcbf49d9224f3e21f8",
        "version" : "1.0.25"
      }
    }
  ],
  "version" : 2
}
